
Microsoft Visual Studio Solution File, Format Version 12.00
# Visual Studio Version 16
VisualStudioVersion = 16.0.29519.181
MinimumVisualStudioVersion = 10.0.40219.1
Project("{8BC9CEB8-8B4A-11D0-8D11-00A0C91BC942}") = "Section20Challenge1", "Section20Challenge1\Section20Challenge1.vcxproj", "{3B10D787-E0E0-4619-913C-1526ED13A37F}"
EndProject
Global
	GlobalSection(SolutionConfigurationPlatforms) = preSolution
		Debug|x64 = Debug|x64
		Debug|x86 = Debug|x86
		Release|x64 = Release|x64
		Release|x86 = Release|x86
	EndGlobalSection
	GlobalSection(ProjectConfigurationPlatforms) = postSolution
		{3B10D787-E0E0-4619-913C-1526ED13A37F}.Debug|x64.ActiveCfg = Debug|x64
		{3B10D787-E0E0-4619-913C-1526ED13A37F}.Debug|x64.Build.0 = Debug|x64
		{3B10D787-E0E0-4619-913C-1526ED13A37F}.Debug|x86.ActiveCfg = Debug|Win32
		{3B10D787-E0E0-4619-913C-1526ED13A37F}.Debug|x86.Build.0 = Debug|Win32
		{3B10D787-E0E0-4619-913C-1526ED13A37F}.Release|x64.ActiveCfg = Release|x64
		{3B10D787-E0E0-4619-913C-1526ED13A37F}.Release|x64.Build.0 = Release|x64
		{3B10D787-E0E0-4619-913C-1526ED13A37F}.Release|x86.ActiveCfg = Release|Win32
		{3B10D787-E0E0-4619-913C-1526ED13A37F}.Release|x86.Build.0 = Release|Win32
	EndGlobalSection
	GlobalSection(SolutionProperties) = preSolution
		HideSolutionNode = FALSE
	EndGlobalSection
	GlobalSection(ExtensibilityGlobals) = postSolution
		SolutionGuid = {14F6AD09-3495-4E2B-B2FB-7FDE31EE3536}
	EndGlobalSection
EndGlobal
