
Microsoft Visual Studio Solution File, Format Version 12.00
# Visual Studio Version 16
VisualStudioVersion = 16.0.29306.81
MinimumVisualStudioVersion = 10.0.40219.1
Project("{8BC9CEB8-8B4A-11D0-8D11-00A0C91BC942}") = "Section6Challenge", "Section6Challenge\Section6Challenge.vcxproj", "{F27868D7-CC73-4766-9840-B2560F6FF427}"
EndProject
Global
	GlobalSection(SolutionConfigurationPlatforms) = preSolution
		Debug|x64 = Debug|x64
		Debug|x86 = Debug|x86
		Release|x64 = Release|x64
		Release|x86 = Release|x86
	EndGlobalSection
	GlobalSection(ProjectConfigurationPlatforms) = postSolution
		{F27868D7-CC73-4766-9840-B2560F6FF427}.Debug|x64.ActiveCfg = Debug|x64
		{F27868D7-CC73-4766-9840-B2560F6FF427}.Debug|x64.Build.0 = Debug|x64
		{F27868D7-CC73-4766-9840-B2560F6FF427}.Debug|x86.ActiveCfg = Debug|Win32
		{F27868D7-CC73-4766-9840-B2560F6FF427}.Debug|x86.Build.0 = Debug|Win32
		{F27868D7-CC73-4766-9840-B2560F6FF427}.Release|x64.ActiveCfg = Release|x64
		{F27868D7-CC73-4766-9840-B2560F6FF427}.Release|x64.Build.0 = Release|x64
		{F27868D7-CC73-4766-9840-B2560F6FF427}.Release|x86.ActiveCfg = Release|Win32
		{F27868D7-CC73-4766-9840-B2560F6FF427}.Release|x86.Build.0 = Release|Win32
	EndGlobalSection
	GlobalSection(SolutionProperties) = preSolution
		HideSolutionNode = FALSE
	EndGlobalSection
	GlobalSection(ExtensibilityGlobals) = postSolution
		SolutionGuid = {A11F09C7-0368-4EE4-88E7-49E6EF9BB421}
	EndGlobalSection
EndGlobal
